// !$*UTF8*$!
{
	archiveVersion = 1;
	classes = {
	};
	objectVersion = 55;
	objects = {

/* Begin PBXBuildFile section */
		C979E6D526D2B25C004FB0A9 /* GuessTheItemApp.swift in Sources */ = {isa = PBXBuildFile; fileRef = C979E6C726D2B25A004FB0A9 /* GuessTheItemApp.swift */; };
		C979E6D626D2B25C004FB0A9 /* GuessTheItemApp.swift in Sources */ = {isa = PBXBuildFile; fileRef = C979E6C726D2B25A004FB0A9 /* GuessTheItemApp.swift */; };
		C979E6D726D2B25C004FB0A9 /* ContentView.swift in Sources */ = {isa = PBXBuildFile; fileRef = C979E6C826D2B25A004FB0A9 /* ContentView.swift */; };
		C979E6D826D2B25C004FB0A9 /* ContentView.swift in Sources */ = {isa = PBXBuildFile; fileRef = C979E6C826D2B25A004FB0A9 /* ContentView.swift */; };
		C979E6D926D2B25C004FB0A9 /* Assets.xcassets in Resources */ = {isa = PBXBuildFile; fileRef = C979E6C926D2B25C004FB0A9 /* Assets.xcassets */; };
		C979E6DA26D2B25C004FB0A9 /* Assets.xcassets in Resources */ = {isa = PBXBuildFile; fileRef = C979E6C926D2B25C004FB0A9 /* Assets.xcassets */; };
		C979E6E726D362C8004FB0A9 /* StackButtonImageAlert.swift in Sources */ = {isa = PBXBuildFile; fileRef = C979E6E626D362C8004FB0A9 /* StackButtonImageAlert.swift */; };
		C979E6E826D362C8004FB0A9 /* StackButtonImageAlert.swift in Sources */ = {isa = PBXBuildFile; fileRef = C979E6E626D362C8004FB0A9 /* StackButtonImageAlert.swift */; };
		C979E6EA26D36471004FB0A9 /* GuessTheItemView.swift in Sources */ = {isa = PBXBuildFile; fileRef = C979E6E926D36471004FB0A9 /* GuessTheItemView.swift */; };
		C979E6EB26D36471004FB0A9 /* GuessTheItemView.swift in Sources */ = {isa = PBXBuildFile; fileRef = C979E6E926D36471004FB0A9 /* GuessTheItemView.swift */; };
		C979E6FD26D3F112004FB0A9 /* Grid.swift in Sources */ = {isa = PBXBuildFile; fileRef = C979E6FC26D3F112004FB0A9 /* Grid.swift */; };
		C979E6FE26D3F112004FB0A9 /* Grid.swift in Sources */ = {isa = PBXBuildFile; fileRef = C979E6FC26D3F112004FB0A9 /* Grid.swift */; };
/* End PBXBuildFile section */

/* Begin PBXFileReference section */
		C979E6C726D2B25A004FB0A9 /* GuessTheItemApp.swift */ = {isa = PBXFileReference; lastKnownFileType = sourcecode.swift; path = GuessTheItemApp.swift; sourceTree = "<group>"; };
		C979E6C826D2B25A004FB0A9 /* ContentView.swift */ = {isa = PBXFileReference; lastKnownFileType = sourcecode.swift; path = ContentView.swift; sourceTree = "<group>"; };
		C979E6C926D2B25C004FB0A9 /* Assets.xcassets */ = {isa = PBXFileReference; lastKnownFileType = folder.assetcatalog; path = Assets.xcassets; sourceTree = "<group>"; };
		C979E6CE26D2B25C004FB0A9 /* GuessTheItem.app */ = {isa = PBXFileReference; explicitFileType = wrapper.application; includeInIndex = 0; path = GuessTheItem.app; sourceTree = BUILT_PRODUCTS_DIR; };
		C979E6D426D2B25C004FB0A9 /* GuessTheItem.app */ = {isa = PBXFileReference; explicitFileType = wrapper.application; includeInIndex = 0; path = GuessTheItem.app; sourceTree = BUILT_PRODUCTS_DIR; };
		C979E6E626D362C8004FB0A9 /* StackButtonImageAlert.swift */ = {isa = PBXFileReference; lastKnownFileType = sourcecode.swift; path = StackButtonImageAlert.swift; sourceTree = "<group>"; };
		C979E6E926D36471004FB0A9 /* GuessTheItemView.swift */ = {isa = PBXFileReference; lastKnownFileType = sourcecode.swift; path = GuessTheItemView.swift; sourceTree = "<group>"; };
		C979E6FC26D3F112004FB0A9 /* Grid.swift */ = {isa = PBXFileReference; lastKnownFileType = sourcecode.swift; path = Grid.swift; sourceTree = "<group>"; };
/* End PBXFileReference section */

/* Begin PBXFrameworksBuildPhase section */
		C979E6CB26D2B25C004FB0A9 /* Frameworks */ = {
			isa = PBXFrameworksBuildPhase;
			buildActionMask = 2147483647;
			files = (
			);
			runOnlyForDeploymentPostprocessing = 0;
		};
		C979E6D126D2B25C004FB0A9 /* Frameworks */ = {
			isa = PBXFrameworksBuildPhase;
			buildActionMask = 2147483647;
			files = (
			);
			runOnlyForDeploymentPostprocessing = 0;
		};
/* End PBXFrameworksBuildPhase section */

/* Begin PBXGroup section */
		C979E6C126D2B25A004FB0A9 = {
			isa = PBXGroup;
			children = (
				C979E6C626D2B25A004FB0A9 /* Shared */,
				C979E6CF26D2B25C004FB0A9 /* Products */,
			);
			sourceTree = "<group>";
		};
		C979E6C626D2B25A004FB0A9 /* Shared */ = {
			isa = PBXGroup;
			children = (
				C979E6C726D2B25A004FB0A9 /* GuessTheItemApp.swift */,
				C979E6C826D2B25A004FB0A9 /* ContentView.swift */,
				C979E6C926D2B25C004FB0A9 /* Assets.xcassets */,
				C979E6E626D362C8004FB0A9 /* StackButtonImageAlert.swift */,
				C979E6E926D36471004FB0A9 /* GuessTheItemView.swift */,
				C979E6FC26D3F112004FB0A9 /* Grid.swift */,
			);
			path = Shared;
			sourceTree = "<group>";
		};
		C979E6CF26D2B25C004FB0A9 /* Products */ = {
			isa = PBXGroup;
			children = (
				C979E6CE26D2B25C004FB0A9 /* GuessTheItem.app */,
				C979E6D426D2B25C004FB0A9 /* GuessTheItem.app */,
			);
			name = Products;
			sourceTree = "<group>";
		};
/* End PBXGroup section */

/* Begin PBXNativeTarget section */
		C979E6CD26D2B25C004FB0A9 /* GuessTheItem (iOS) */ = {
			isa = PBXNativeTarget;
			buildConfigurationList = C979E6DD26D2B25C004FB0A9 /* Build configuration list for PBXNativeTarget "GuessTheItem (iOS)" */;
			buildPhases = (
				C979E6CA26D2B25C004FB0A9 /* Sources */,
				C979E6CB26D2B25C004FB0A9 /* Frameworks */,
				C979E6CC26D2B25C004FB0A9 /* Resources */,
			);
			buildRules = (
			);
			dependencies = (
			);
			name = "GuessTheItem (iOS)";
			productName = "GuessTheItem (iOS)";
			productReference = C979E6CE26D2B25C004FB0A9 /* GuessTheItem.app */;
			productType = "com.apple.product-type.application";
		};
		C979E6D326D2B25C004FB0A9 /* GuessTheItem (macOS) */ = {
			isa = PBXNativeTarget;
			buildConfigurationList = C979E6E026D2B25C004FB0A9 /* Build configuration list for PBXNativeTarget "GuessTheItem (macOS)" */;
			buildPhases = (
				C979E6D026D2B25C004FB0A9 /* Sources */,
				C979E6D126D2B25C004FB0A9 /* Frameworks */,
				C979E6D226D2B25C004FB0A9 /* Resources */,
			);
			buildRules = (
			);
			dependencies = (
			);
			name = "GuessTheItem (macOS)";
			productName = "GuessTheItem (macOS)";
			productReference = C979E6D426D2B25C004FB0A9 /* GuessTheItem.app */;
			productType = "com.apple.product-type.application";
		};
/* End PBXNativeTarget section */

/* Begin PBXProject section */
		C979E6C226D2B25A004FB0A9 /* Project object */ = {
			isa = PBXProject;
			attributes = {
				BuildIndependentTargetsInParallel = 1;
				LastSwiftUpdateCheck = 1300;
				LastUpgradeCheck = 1300;
				TargetAttributes = {
					C979E6CD26D2B25C004FB0A9 = {
						CreatedOnToolsVersion = 13.0;
					};
					C979E6D326D2B25C004FB0A9 = {
						CreatedOnToolsVersion = 13.0;
					};
				};
			};
			buildConfigurationList = C979E6C526D2B25A004FB0A9 /* Build configuration list for PBXProject "GuessTheItem" */;
			compatibilityVersion = "Xcode 13.0";
			developmentRegion = en;
			hasScannedForEncodings = 0;
			knownRegions = (
				en,
				Base,
			);
			mainGroup = C979E6C126D2B25A004FB0A9;
			productRefGroup = C979E6CF26D2B25C004FB0A9 /* Products */;
			projectDirPath = "";
			projectRoot = "";
			targets = (
				C979E6CD26D2B25C004FB0A9 /* GuessTheItem (iOS) */,
				C979E6D326D2B25C004FB0A9 /* GuessTheItem (macOS) */,
			);
		};
/* End PBXProject section */

/* Begin PBXResourcesBuildPhase section */
		C979E6CC26D2B25C004FB0A9 /* Resources */ = {
			isa = PBXResourcesBuildPhase;
			buildActionMask = 2147483647;
			files = (
				C979E6D926D2B25C004FB0A9 /* Assets.xcassets in Resources */,
			);
			runOnlyForDeploymentPostprocessing = 0;
		};
		C979E6D226D2B25C004FB0A9 /* Resources */ = {
			isa = PBXResourcesBuildPhase;
			buildActionMask = 2147483647;
			files = (
				C979E6DA26D2B25C004FB0A9 /* Assets.xcassets in Resources */,
			);
			runOnlyForDeploymentPostprocessing = 0;
		};
/* End PBXResourcesBuildPhase section */

/* Begin PBXSourcesBuildPhase section */
		C979E6CA26D2B25C004FB0A9 /* Sources */ = {
			isa = PBXSourcesBuildPhase;
			buildActionMask = 2147483647;
			files = (
				C979E6E726D362C8004FB0A9 /* StackButtonImageAlert.swift in Sources */,
				C979E6D726D2B25C004FB0A9 /* ContentView.swift in Sources */,
				C979E6D526D2B25C004FB0A9 /* GuessTheItemApp.swift in Sources */,
				C979E6FD26D3F112004FB0A9 /* Grid.swift in Sources */,
				C979E6EA26D36471004FB0A9 /* GuessTheItemView.swift in Sources */,
			);
			runOnlyForDeploymentPostprocessing = 0;
		};
		C979E6D026D2B25C004FB0A9 /* Sources */ = {
			isa = PBXSourcesBuildPhase;
			buildActionMask = 2147483647;
			files = (
				C979E6E826D362C8004FB0A9 /* StackButtonImageAlert.swift in Sources */,
				C979E6D826D2B25C004FB0A9 /* ContentView.swift in Sources */,
				C979E6D626D2B25C004FB0A9 /* GuessTheItemApp.swift in Sources */,
				C979E6FE26D3F112004FB0A9 /* Grid.swift in Sources */,
				C979E6EB26D36471004FB0A9 /* GuessTheItemView.swift in Sources */,
			);
			runOnlyForDeploymentPostprocessing = 0;
		};
/* End PBXSourcesBuildPhase section */

/* Begin XCBuildConfiguration section */
		C979E6DB26D2B25C004FB0A9 /* Debug */ = {
			isa = XCBuildConfiguration;
			buildSettings = {
				ALWAYS_SEARCH_USER_PATHS = NO;
				CLANG_ANALYZER_NONNULL = YES;
				CLANG_ANALYZER_NUMBER_OBJECT_CONVERSION = YES_AGGRESSIVE;
				CLANG_CXX_LANGUAGE_STANDARD = "gnu++17";
				CLANG_CXX_LIBRARY = "libc++";
				CLANG_ENABLE_MODULES = YES;
				CLANG_ENABLE_OBJC_ARC = YES;
				CLANG_ENABLE_OBJC_WEAK = YES;
				CLANG_WARN_BLOCK_CAPTURE_AUTORELEASING = YES;
				CLANG_WARN_BOOL_CONVERSION = YES;
				CLANG_WARN_COMMA = YES;
				CLANG_WARN_CONSTANT_CONVERSION = YES;
				CLANG_WARN_DEPRECATED_OBJC_IMPLEMENTATIONS = YES;
				CLANG_WARN_DIRECT_OBJC_ISA_USAGE = YES_ERROR;
				CLANG_WARN_DOCUMENTATION_COMMENTS = YES;
				CLANG_WARN_EMPTY_BODY = YES;
				CLANG_WARN_ENUM_CONVERSION = YES;
				CLANG_WARN_INFINITE_RECURSION = YES;
				CLANG_WARN_INT_CONVERSION = YES;
				CLANG_WARN_NON_LITERAL_NULL_CONVERSION = YES;
				CLANG_WARN_OBJC_IMPLICIT_RETAIN_SELF = YES;
				CLANG_WARN_OBJC_LITERAL_CONVERSION = YES;
				CLANG_WARN_OBJC_ROOT_CLASS = YES_ERROR;
				CLANG_WARN_QUOTED_INCLUDE_IN_FRAMEWORK_HEADER = YES;
				CLANG_WARN_RANGE_LOOP_ANALYSIS = YES;
				CLANG_WARN_STRICT_PROTOTYPES = YES;
				CLANG_WARN_SUSPICIOUS_MOVE = YES;
				CLANG_WARN_UNGUARDED_AVAILABILITY = YES_AGGRESSIVE;
				CLANG_WARN_UNREACHABLE_CODE = YES;
				CLANG_WARN__DUPLICATE_METHOD_MATCH = YES;
				COPY_PHASE_STRIP = NO;
				DEBUG_INFORMATION_FORMAT = dwarf;
				ENABLE_STRICT_OBJC_MSGSEND = YES;
				ENABLE_TESTABILITY = YES;
				GCC_C_LANGUAGE_STANDARD = gnu11;
				GCC_DYNAMIC_NO_PIC = NO;
				GCC_NO_COMMON_BLOCKS = YES;
				GCC_OPTIMIZATION_LEVEL = 0;
				GCC_PREPROCESSOR_DEFINITIONS = (
					"DEBUG=1",
					"$(inherited)",
				);
				GCC_WARN_64_TO_32_BIT_CONVERSION = YES;
				GCC_WARN_ABOUT_RETURN_TYPE = YES_ERROR;
				GCC_WARN_UNDECLARED_SELECTOR = YES;
				GCC_WARN_UNINITIALIZED_AUTOS = YES_AGGRESSIVE;
				GCC_WARN_UNUSED_FUNCTION = YES;
				GCC_WARN_UNUSED_VARIABLE = YES;
				MTL_ENABLE_DEBUG_INFO = INCLUDE_SOURCE;
				MTL_FAST_MATH = YES;
				ONLY_ACTIVE_ARCH = YES;
				SWIFT_ACTIVE_COMPILATION_CONDITIONS = DEBUG;
				SWIFT_OPTIMIZATION_LEVEL = "-Onone";
			};
			name = Debug;
		};
		C979E6DC26D2B25C004FB0A9 /* Release */ = {
			isa = XCBuildConfiguration;
			buildSettings = {
				ALWAYS_SEARCH_USER_PATHS = NO;
				CLANG_ANALYZER_NONNULL = YES;
				CLANG_ANALYZER_NUMBER_OBJECT_CONVERSION = YES_AGGRESSIVE;
				CLANG_CXX_LANGUAGE_STANDARD = "gnu++17";
				CLANG_CXX_LIBRARY = "libc++";
				CLANG_ENABLE_MODULES = YES;
				CLANG_ENABLE_OBJC_ARC = YES;
				CLANG_ENABLE_OBJC_WEAK = YES;
				CLANG_WARN_BLOCK_CAPTURE_AUTORELEASING = YES;
				CLANG_WARN_BOOL_CONVERSION = YES;
				CLANG_WARN_COMMA = YES;
				CLANG_WARN_CONSTANT_CONVERSION = YES;
				CLANG_WARN_DEPRECATED_OBJC_IMPLEMENTATIONS = YES;
				CLANG_WARN_DIRECT_OBJC_ISA_USAGE = YES_ERROR;
				CLANG_WARN_DOCUMENTATION_COMMENTS = YES;
				CLANG_WARN_EMPTY_BODY = YES;
				CLANG_WARN_ENUM_CONVERSION = YES;
				CLANG_WARN_INFINITE_RECURSION = YES;
				CLANG_WARN_INT_CONVERSION = YES;
				CLANG_WARN_NON_LITERAL_NULL_CONVERSION = YES;
				CLANG_WARN_OBJC_IMPLICIT_RETAIN_SELF = YES;
				CLANG_WARN_OBJC_LITERAL_CONVERSION = YES;
				CLANG_WARN_OBJC_ROOT_CLASS = YES_ERROR;
				CLANG_WARN_QUOTED_INCLUDE_IN_FRAMEWORK_HEADER = YES;
				CLANG_WARN_RANGE_LOOP_ANALYSIS = YES;
				CLANG_WARN_STRICT_PROTOTYPES = YES;
				CLANG_WARN_SUSPICIOUS_MOVE = YES;
				CLANG_WARN_UNGUARDED_AVAILABILITY = YES_AGGRESSIVE;
				CLANG_WARN_UNREACHABLE_CODE = YES;
				CLANG_WARN__DUPLICATE_METHOD_MATCH = YES;
				COPY_PHASE_STRIP = NO;
				DEBUG_INFORMATION_FORMAT = "dwarf-with-dsym";
				ENABLE_NS_ASSERTIONS = NO;
				ENABLE_STRICT_OBJC_MSGSEND = YES;
				GCC_C_LANGUAGE_STANDARD = gnu11;
				GCC_NO_COMMON_BLOCKS = YES;
				GCC_WARN_64_TO_32_BIT_CONVERSION = YES;
				GCC_WARN_ABOUT_RETURN_TYPE = YES_ERROR;
				GCC_WARN_UNDECLARED_SELECTOR = YES;
				GCC_WARN_UNINITIALIZED_AUTOS = YES_AGGRESSIVE;
				GCC_WARN_UNUSED_FUNCTION = YES;
				GCC_WARN_UNUSED_VARIABLE = YES;
				MTL_ENABLE_DEBUG_INFO = NO;
				MTL_FAST_MATH = YES;
				SWIFT_COMPILATION_MODE = wholemodule;
				SWIFT_OPTIMIZATION_LEVEL = "-O";
			};
			name = Release;
		};
		C979E6DE26D2B25C004FB0A9 /* Debug */ = {
			isa = XCBuildConfiguration;
			buildSettings = {
				ASSETCATALOG_COMPILER_APPICON_NAME = AppIcon;
				ASSETCATALOG_COMPILER_GLOBAL_ACCENT_COLOR_NAME = AccentColor;
				CODE_SIGN_STYLE = Automatic;
				CURRENT_PROJECT_VERSION = 1;
				ENABLE_PREVIEWS = YES;
				GENERATE_INFOPLIST_FILE = YES;
				INFOPLIST_KEY_UIApplicationSceneManifest_Generation = YES;
				INFOPLIST_KEY_UIApplicationSupportsIndirectInputEvents = YES;
				INFOPLIST_KEY_UILaunchScreen_Generation = YES;
				INFOPLIST_KEY_UISupportedInterfaceOrientations_iPad = "UIInterfaceOrientationPortrait UIInterfaceOrientationPortraitUpsideDown UIInterfaceOrientationLandscapeLeft UIInterfaceOrientationLandscapeRight";
				INFOPLIST_KEY_UISupportedInterfaceOrientations_iPhone = "UIInterfaceOrientationPortrait UIInterfaceOrientationLandscapeLeft UIInterfaceOrientationLandscapeRight";
				IPHONEOS_DEPLOYMENT_TARGET = 14.0;
				LD_RUNPATH_SEARCH_PATHS = (
					"$(inherited)",
					"@executable_path/Frameworks",
				);
				MARKETING_VERSION = 1.0;
				PRODUCT_BUNDLE_IDENTIFIER = com.yash.GuessTheItem;
				PRODUCT_NAME = GuessTheItem;
				SDKROOT = iphoneos;
				SWIFT_EMIT_LOC_STRINGS = YES;
				SWIFT_VERSION = 5.0;
				TARGETED_DEVICE_FAMILY = "1,2";
			};
			name = Debug;
		};
		C979E6DF26D2B25C004FB0A9 /* Release */ = {
			isa = XCBuildConfiguration;
			buildSettings = {
				ASSETCATALOG_COMPILER_APPICON_NAME = AppIcon;
				ASSETCATALOG_COMPILER_GLOBAL_ACCENT_COLOR_NAME = AccentColor;
				CODE_SIGN_STYLE = Automatic;
				CURRENT_PROJECT_VERSION = 1;
				ENABLE_PREVIEWS = YES;
				GENERATE_INFOPLIST_FILE = YES;
				INFOPLIST_KEY_UIApplicationSceneManifest_Generation = YES;
				INFOPLIST_KEY_UIApplicationSupportsIndirectInputEvents = YES;
				INFOPLIST_KEY_UILaunchScreen_Generation = YES;
				INFOPLIST_KEY_UISupportedInterfaceOrientations_iPad = "UIInterfaceOrientationPortrait UIInterfaceOrientationPortraitUpsideDown UIInterfaceOrientationLandscapeLeft UIInterfaceOrientationLandscapeRight";
				INFOPLIST_KEY_UISupportedInterfaceOrientations_iPhone = "UIInterfaceOrientationPortrait UIInterfaceOrientationLandscapeLeft UIInterfaceOrientationLandscapeRight";
				IPHONEOS_DEPLOYMENT_TARGET = 14.0;
				LD_RUNPATH_SEARCH_PATHS = (
					"$(inherited)",
					"@executable_path/Frameworks",
				);
				MARKETING_VERSION = 1.0;
				PRODUCT_BUNDLE_IDENTIFIER = com.yash.GuessTheItem;
				PRODUCT_NAME = GuessTheItem;
				SDKROOT = iphoneos;
				SWIFT_EMIT_LOC_STRINGS = YES;
				SWIFT_VERSION = 5.0;
				TARGETED_DEVICE_FAMILY = "1,2";
				VALIDATE_PRODUCT = YES;
			};
			name = Release;
		};
		C979E6E126D2B25C004FB0A9 /* Debug */ = {
			isa = XCBuildConfiguration;
			buildSettings = {
				ASSETCATALOG_COMPILER_APPICON_NAME = AppIcon;
				ASSETCATALOG_COMPILER_GLOBAL_ACCENT_COLOR_NAME = AccentColor;
				CODE_SIGN_STYLE = Automatic;
				COMBINE_HIDPI_IMAGES = YES;
				CURRENT_PROJECT_VERSION = 1;
				ENABLE_APP_SANDBOX = YES;
				ENABLE_PREVIEWS = YES;
				ENABLE_USER_SELECTED_FILES = readonly;
				GENERATE_INFOPLIST_FILE = YES;
				INFOPLIST_KEY_NSHumanReadableCopyright = "";
				LD_RUNPATH_SEARCH_PATHS = (
					"$(inherited)",
					"@executable_path/../Frameworks",
				);
				MACOSX_DEPLOYMENT_TARGET = 11.0;
				MARKETING_VERSION = 1.0;
				PRODUCT_BUNDLE_IDENTIFIER = com.yash.GuessTheItem;
				PRODUCT_NAME = GuessTheItem;
				SDKROOT = macosx;
				SWIFT_EMIT_LOC_STRINGS = YES;
				SWIFT_VERSION = 5.0;
			};
			name = Debug;
		};
		C979E6E226D2B25C004FB0A9 /* Release */ = {
			isa = XCBuildConfiguration;
			buildSettings = {
				ASSETCATALOG_COMPILER_APPICON_NAME = AppIcon;
				ASSETCATALOG_COMPILER_GLOBAL_ACCENT_COLOR_NAME = AccentColor;
				CODE_SIGN_STYLE = Automatic;
				COMBINE_HIDPI_IMAGES = YES;
				CURRENT_PROJECT_VERSION = 1;
				ENABLE_APP_SANDBOX = YES;
				ENABLE_PREVIEWS = YES;
				ENABLE_USER_SELECTED_FILES = readonly;
				GENERATE_INFOPLIST_FILE = YES;
				INFOPLIST_KEY_NSHumanReadableCopyright = "";
				LD_RUNPATH_SEARCH_PATHS = (
					"$(inherited)",
					"@executable_path/../Frameworks",
				);
				MACOSX_DEPLOYMENT_TARGET = 11.0;
				MARKETING_VERSION = 1.0;
				PRODUCT_BUNDLE_IDENTIFIER = com.yash.GuessTheItem;
				PRODUCT_NAME = GuessTheItem;
				SDKROOT = macosx;
				SWIFT_EMIT_LOC_STRINGS = YES;
				SWIFT_VERSION = 5.0;
			};
			name = Release;
		};
/* End XCBuildConfiguration section */

/* Begin XCConfigurationList section */
		C979E6C526D2B25A004FB0A9 /* Build configuration list for PBXProject "GuessTheItem" */ = {
			isa = XCConfigurationList;
			buildConfigurations = (
				C979E6DB26D2B25C004FB0A9 /* Debug */,
				C979E6DC26D2B25C004FB0A9 /* Release */,
			);
			defaultConfigurationIsVisible = 0;
			defaultConfigurationName = Release;
		};
		C979E6DD26D2B25C004FB0A9 /* Build configuration list for PBXNativeTarget "GuessTheItem (iOS)" */ = {
			isa = XCConfigurationList;
			buildConfigurations = (
				C979E6DE26D2B25C004FB0A9 /* Debug */,
				C979E6DF26D2B25C004FB0A9 /* Release */,
			);
			defaultConfigurationIsVisible = 0;
			defaultConfigurationName = Release;
		};
		C979E6E026D2B25C004FB0A9 /* Build configuration list for PBXNativeTarget "GuessTheItem (macOS)" */ = {
			isa = XCConfigurationList;
			buildConfigurations = (
				C979E6E126D2B25C004FB0A9 /* Debug */,
				C979E6E226D2B25C004FB0A9 /* Release */,
			);
			defaultConfigurationIsVisible = 0;
			defaultConfigurationName = Release;
		};
/* End XCConfigurationList section */
	};
	rootObject = C979E6C226D2B25A004FB0A9 /* Project object */;
}
